
Microsoft Visual Studio Solution File, Format Version 12.00
# Visual Studio Version 17
VisualStudioVersion = 17.8.34322.80
MinimumVisualStudioVersion = 10.0.40219.1
Project("{FAE04EC0-301F-11D3-BF4B-00C04F79EFBC}") = "AuktionProjekt", "AuktionProjekt\AuktionProjekt.csproj", "{C7EE04FA-E5EA-4F3B-9389-6CDF4DE32D17}"
EndProject
Global
	GlobalSection(SolutionConfigurationPlatforms) = preSolution
		Debug|Any CPU = Debug|Any CPU
		Release|Any CPU = Release|Any CPU
	EndGlobalSection
	GlobalSection(ProjectConfigurationPlatforms) = postSolution
		{C7EE04FA-E5EA-4F3B-9389-6CDF4DE32D17}.Debug|Any CPU.ActiveCfg = Debug|Any CPU
		{C7EE04FA-E5EA-4F3B-9389-6CDF4DE32D17}.Debug|Any CPU.Build.0 = Debug|Any CPU
		{C7EE04FA-E5EA-4F3B-9389-6CDF4DE32D17}.Release|Any CPU.ActiveCfg = Release|Any CPU
		{C7EE04FA-E5EA-4F3B-9389-6CDF4DE32D17}.Release|Any CPU.Build.0 = Release|Any CPU
	EndGlobalSection
	GlobalSection(SolutionProperties) = preSolution
		HideSolutionNode = FALSE
	EndGlobalSection
	GlobalSection(ExtensibilityGlobals) = postSolution
		SolutionGuid = {96E88D9B-A068-4981-8D45-EC5DEF7F7A51}
	EndGlobalSection
EndGlobal
